
Microsoft Visual Studio Solution File, Format Version 12.00
# Visual Studio 15
VisualStudioVersion = 15.0.28010.2003
MinimumVisualStudioVersion = 10.0.40219.1
Project("{FAE04EC0-301F-11D3-BF4B-00C04F79EFBC}") = "AirlockControlMulti", "AirlockControlMulti\AirlockControlMulti.csproj", "{DD7C8155-9901-48E0-8D5F-5ECC26692E55}"
EndProject
Global
	GlobalSection(SolutionConfigurationPlatforms) = preSolution
		Debug|x64 = Debug|x64
	EndGlobalSection
	GlobalSection(ProjectConfigurationPlatforms) = postSolution
		{DD7C8155-9901-48E0-8D5F-5ECC26692E55}.Debug|x64.ActiveCfg = Debug|x64
		{DD7C8155-9901-48E0-8D5F-5ECC26692E55}.Debug|x64.Build.0 = Debug|x64
	EndGlobalSection
	GlobalSection(SolutionProperties) = preSolution
		HideSolutionNode = FALSE
	EndGlobalSection
	GlobalSection(ExtensibilityGlobals) = postSolution
		SolutionGuid = {AEF328CB-2A2B-43D0-B559-41196E694DE3}
	EndGlobalSection
EndGlobal
